
Microsoft Visual Studio Solution File, Format Version 12.00
# Visual Studio Version 17
VisualStudioVersion = 17.5.2.0
MinimumVisualStudioVersion = 10.0.40219.1
Project("{FAE04EC0-301F-11D3-BF4B-00C04F79EFBC}") = "Bank.Domain", "Bank.Domain\Bank.Domain.csproj", "{B910B89E-9441-9832-C076-B1ECECD33449}"
EndProject
Project("{FAE04EC0-301F-11D3-BF4B-00C04F79EFBC}") = "Bank.Client", "Bank.Client\Bank.Client.csproj", "{30F7A027-FCA6-4CEE-8298-0585D8CBE813}"
EndProject
Project("{FAE04EC0-301F-11D3-BF4B-00C04F79EFBC}") = "Bank.Persistence", "Bank.Persistence\Bank.Persistence.csproj", "{FDFEAA1A-648D-4578-A23B-6BF93A91F207}"
EndProject
Project("{FAE04EC0-301F-11D3-BF4B-00C04F79EFBC}") = "Bank.Application", "Bank.Application\Bank.Application.csproj", "{2730BC07-07D6-4E81-AFC9-200274B93864}"
EndProject
Global
	GlobalSection(SolutionConfigurationPlatforms) = preSolution
		Debug|Any CPU = Debug|Any CPU
		Debug|x64 = Debug|x64
		Debug|x86 = Debug|x86
		Release|Any CPU = Release|Any CPU
		Release|x64 = Release|x64
		Release|x86 = Release|x86
	EndGlobalSection
	GlobalSection(ProjectConfigurationPlatforms) = postSolution
		{B910B89E-9441-9832-C076-B1ECECD33449}.Debug|Any CPU.ActiveCfg = Debug|Any CPU
		{B910B89E-9441-9832-C076-B1ECECD33449}.Debug|Any CPU.Build.0 = Debug|Any CPU
		{B910B89E-9441-9832-C076-B1ECECD33449}.Debug|x64.ActiveCfg = Debug|Any CPU
		{B910B89E-9441-9832-C076-B1ECECD33449}.Debug|x64.Build.0 = Debug|Any CPU
		{B910B89E-9441-9832-C076-B1ECECD33449}.Debug|x86.ActiveCfg = Debug|Any CPU
		{B910B89E-9441-9832-C076-B1ECECD33449}.Debug|x86.Build.0 = Debug|Any CPU
		{B910B89E-9441-9832-C076-B1ECECD33449}.Release|Any CPU.ActiveCfg = Release|Any CPU
		{B910B89E-9441-9832-C076-B1ECECD33449}.Release|Any CPU.Build.0 = Release|Any CPU
		{B910B89E-9441-9832-C076-B1ECECD33449}.Release|x64.ActiveCfg = Release|Any CPU
		{B910B89E-9441-9832-C076-B1ECECD33449}.Release|x64.Build.0 = Release|Any CPU
		{B910B89E-9441-9832-C076-B1ECECD33449}.Release|x86.ActiveCfg = Release|Any CPU
		{B910B89E-9441-9832-C076-B1ECECD33449}.Release|x86.Build.0 = Release|Any CPU
		{30F7A027-FCA6-4CEE-8298-0585D8CBE813}.Debug|Any CPU.ActiveCfg = Debug|Any CPU
		{30F7A027-FCA6-4CEE-8298-0585D8CBE813}.Debug|Any CPU.Build.0 = Debug|Any CPU
		{30F7A027-FCA6-4CEE-8298-0585D8CBE813}.Debug|x64.ActiveCfg = Debug|Any CPU
		{30F7A027-FCA6-4CEE-8298-0585D8CBE813}.Debug|x64.Build.0 = Debug|Any CPU
		{30F7A027-FCA6-4CEE-8298-0585D8CBE813}.Debug|x86.ActiveCfg = Debug|Any CPU
		{30F7A027-FCA6-4CEE-8298-0585D8CBE813}.Debug|x86.Build.0 = Debug|Any CPU
		{30F7A027-FCA6-4CEE-8298-0585D8CBE813}.Release|Any CPU.ActiveCfg = Release|Any CPU
		{30F7A027-FCA6-4CEE-8298-0585D8CBE813}.Release|Any CPU.Build.0 = Release|Any CPU
		{30F7A027-FCA6-4CEE-8298-0585D8CBE813}.Release|x64.ActiveCfg = Release|Any CPU
		{30F7A027-FCA6-4CEE-8298-0585D8CBE813}.Release|x64.Build.0 = Release|Any CPU
		{30F7A027-FCA6-4CEE-8298-0585D8CBE813}.Release|x86.ActiveCfg = Release|Any CPU
		{30F7A027-FCA6-4CEE-8298-0585D8CBE813}.Release|x86.Build.0 = Release|Any CPU
		{FDFEAA1A-648D-4578-A23B-6BF93A91F207}.Debug|Any CPU.ActiveCfg = Debug|Any CPU
		{FDFEAA1A-648D-4578-A23B-6BF93A91F207}.Debug|Any CPU.Build.0 = Debug|Any CPU
		{FDFEAA1A-648D-4578-A23B-6BF93A91F207}.Debug|x64.ActiveCfg = Debug|Any CPU
		{FDFEAA1A-648D-4578-A23B-6BF93A91F207}.Debug|x64.Build.0 = Debug|Any CPU
		{FDFEAA1A-648D-4578-A23B-6BF93A91F207}.Debug|x86.ActiveCfg = Debug|Any CPU
		{FDFEAA1A-648D-4578-A23B-6BF93A91F207}.Debug|x86.Build.0 = Debug|Any CPU
		{FDFEAA1A-648D-4578-A23B-6BF93A91F207}.Release|Any CPU.ActiveCfg = Release|Any CPU
		{FDFEAA1A-648D-4578-A23B-6BF93A91F207}.Release|Any CPU.Build.0 = Release|Any CPU
		{FDFEAA1A-648D-4578-A23B-6BF93A91F207}.Release|x64.ActiveCfg = Release|Any CPU
		{FDFEAA1A-648D-4578-A23B-6BF93A91F207}.Release|x64.Build.0 = Release|Any CPU
		{FDFEAA1A-648D-4578-A23B-6BF93A91F207}.Release|x86.ActiveCfg = Release|Any CPU
		{FDFEAA1A-648D-4578-A23B-6BF93A91F207}.Release|x86.Build.0 = Release|Any CPU
		{2730BC07-07D6-4E81-AFC9-200274B93864}.Debug|Any CPU.ActiveCfg = Debug|Any CPU
		{2730BC07-07D6-4E81-AFC9-200274B93864}.Debug|Any CPU.Build.0 = Debug|Any CPU
		{2730BC07-07D6-4E81-AFC9-200274B93864}.Debug|x64.ActiveCfg = Debug|Any CPU
		{2730BC07-07D6-4E81-AFC9-200274B93864}.Debug|x64.Build.0 = Debug|Any CPU
		{2730BC07-07D6-4E81-AFC9-200274B93864}.Debug|x86.ActiveCfg = Debug|Any CPU
		{2730BC07-07D6-4E81-AFC9-200274B93864}.Debug|x86.Build.0 = Debug|Any CPU
		{2730BC07-07D6-4E81-AFC9-200274B93864}.Release|Any CPU.ActiveCfg = Release|Any CPU
		{2730BC07-07D6-4E81-AFC9-200274B93864}.Release|Any CPU.Build.0 = Release|Any CPU
		{2730BC07-07D6-4E81-AFC9-200274B93864}.Release|x64.ActiveCfg = Release|Any CPU
		{2730BC07-07D6-4E81-AFC9-200274B93864}.Release|x64.Build.0 = Release|Any CPU
		{2730BC07-07D6-4E81-AFC9-200274B93864}.Release|x86.ActiveCfg = Release|Any CPU
		{2730BC07-07D6-4E81-AFC9-200274B93864}.Release|x86.Build.0 = Release|Any CPU
	EndGlobalSection
	GlobalSection(SolutionProperties) = preSolution
		HideSolutionNode = FALSE
	EndGlobalSection
	GlobalSection(ExtensibilityGlobals) = postSolution
		SolutionGuid = {943CB20B-33AF-47CF-8765-9FB5D3D050B9}
	EndGlobalSection
EndGlobal
